<?xml version="1.0" encoding="utf-8"?>
<Project ToolsVersion="4.0" xmlns="http://schemas.microsoft.com/developer/msbuild/2003">
  <ItemGroup>
    <Filter Include="Исходные файлы">
      <UniqueIdentifier>{4FC737F1-C7A5-4376-A066-2A32D752A2FF}</UniqueIdentifier>
      <Extensions>cpp;c;cc;cxx;c++;cppm;ixx;def;odl;idl;hpj;bat;asm;asmx</Extensions>
    </Filter>
    <Filter Include="Файлы заголовков">
      <UniqueIdentifier>{93995380-89BD-4b04-88EB-625FBE52EBFB}</UniqueIdentifier>
      <Extensions>h;hh;hpp;hxx;h++;hm;inl;inc;ipp;xsd</Extensions>
    </Filter>
    <Filter Include="Файлы ресурсов">
      <UniqueIdentifier>{67DA6AB6-F800-4c08-8B7A-83BB121AAD01}</UniqueIdentifier>
      <Extensions>rc;ico;cur;bmp;dlg;rc2;rct;bin;rgs;gif;jpg;jpeg;jpe;resx;tiff;tif;png;wav;mfcribbon-ms</Extensions>
    </Filter>
  </ItemGroup>
  <ItemGroup>
    <ClInclude Include="animate.h">
      <Filter>Файлы заголовков</Filter>
    </ClInclude>
    <ClInclude Include="cards.h">
      <Filter>Файлы заголовков</Filter>
    </ClInclude>
    <ClInclude Include="heath_bars.h">
      <Filter>Файлы заголовков</Filter>
    </ClInclude>
    <ClInclude Include="Logic.h">
      <Filter>Файлы заголовков</Filter>
    </ClInclude>
    <ClInclude Include="Render_demon.h">
      <Filter>Файлы заголовков</Filter>
    </ClInclude>
    <ClInclude Include="Render_fon.h">
      <Filter>Файлы заголовков</Filter>
    </ClInclude>
    <ClInclude Include="Render_mad_water.h">
      <Filter>Файлы заголовков</Filter>
    </ClInclude>
    <ClInclude Include="Render_mag_earth.h">
      <Filter>Файлы заголовков</Filter>
    </ClInclude>
    <ClInclude Include="Render_mag_fire.h">
      <Filter>Файлы заголовков</Filter>
    </ClInclude>
    <ClInclude Include="render_exit_window.h">
      <Filter>Файлы заголовков</Filter>
    </ClInclude>
  </ItemGroup>
  <ItemGroup>
    <ClCompile Include="cards.cpp">
      <Filter>Исходные файлы</Filter>
    </ClCompile>
    <ClCompile Include="heath_bars.cpp">
      <Filter>Исходные файлы</Filter>
    </ClCompile>
    <ClCompile Include="Logic.cpp">
      <Filter>Исходные файлы</Filter>
    </ClCompile>
    <ClCompile Include="Render_demon.cpp">
      <Filter>Исходные файлы</Filter>
    </ClCompile>
    <ClCompile Include="Render_mad_water.cpp">
      <Filter>Исходные файлы</Filter>
    </ClCompile>
    <ClCompile Include="Render_mag_earth.cpp">
      <Filter>Исходные файлы</Filter>
    </ClCompile>
    <ClCompile Include="Render_mag_fire.cpp">
      <Filter>Исходные файлы</Filter>
    </ClCompile>
    <ClCompile Include="MAIN_GAME.cpp">
      <Filter>Исходные файлы</Filter>
    </ClCompile>
    <ClCompile Include="animate.cpp">
      <Filter>Исходные файлы</Filter>
    </ClCompile>
    <ClCompile Include="render_exit_window.cpp">
      <Filter>Исходные файлы</Filter>
    </ClCompile>
    <ClCompile Include="Render_fon.cpp">
      <Filter>Исходные файлы</Filter>
    </ClCompile>
  </ItemGroup>
  <ItemGroup>
    <Text Include="Params.txt" />
  </ItemGroup>
</Project>